// !$*UTF8*$!
{
	archiveVersion = 1;
	classes = {
	};
	objectVersion = 46;
	objects = {

/* Begin PBXBuildFile section */
		98DE20AA1E28B2E30014EDDC /* main.m in Sources */ = {isa = PBXBuildFile; fileRef = 98DE20A91E28B2E30014EDDC /* main.m */; };
		98DE20AD1E28B2E30014EDDC /* AppDelegate.m in Sources */ = {isa = PBXBuildFile; fileRef = 98DE20AC1E28B2E30014EDDC /* AppDelegate.m */; };
		98DE20B01E28B2E30014EDDC /* ViewController.m in Sources */ = {isa = PBXBuildFile; fileRef = 98DE20AF1E28B2E30014EDDC /* ViewController.m */; };
		98DE20B31E28B2E30014EDDC /* Main.storyboard in Resources */ = {isa = PBXBuildFile; fileRef = 98DE20B11E28B2E30014EDDC /* Main.storyboard */; };
		98DE20B51E28B2E30014EDDC /* Assets.xcassets in Resources */ = {isa = PBXBuildFile; fileRef = 98DE20B41E28B2E30014EDDC /* Assets.xcassets */; };
		98DE20B81E28B2E30014EDDC /* LaunchScreen.storyboard in Resources */ = {isa = PBXBuildFile; fileRef = 98DE20B61E28B2E30014EDDC /* LaunchScreen.storyboard */; };
		98DE20C11E28B2F60014EDDC /* User.m in Sources */ = {isa = PBXBuildFile; fileRef = 98DE20C01E28B2F60014EDDC /* User.m */; };
		98DE20C31E28C1C30014EDDC /* user.plist in Resources */ = {isa = PBXBuildFile; fileRef = 98DE20C21E28C1C30014EDDC /* user.plist */; };
/* End PBXBuildFile section */

/* Begin PBXFileReference section */
		98DE20A51E28B2E30014EDDC /* 姓名排序.app */ = {isa = PBXFileReference; explicitFileType = wrapper.application; includeInIndex = 0; path = "姓名排序.app"; sourceTree = BUILT_PRODUCTS_DIR; };
		98DE20A91E28B2E30014EDDC /* main.m */ = {isa = PBXFileReference; lastKnownFileType = sourcecode.c.objc; path = main.m; sourceTree = "<group>"; };
		98DE20AB1E28B2E30014EDDC /* AppDelegate.h */ = {isa = PBXFileReference; lastKnownFileType = sourcecode.c.h; path = AppDelegate.h; sourceTree = "<group>"; };
		98DE20AC1E28B2E30014EDDC /* AppDelegate.m */ = {isa = PBXFileReference; lastKnownFileType = sourcecode.c.objc; path = AppDelegate.m; sourceTree = "<group>"; };
		98DE20AE1E28B2E30014EDDC /* ViewController.h */ = {isa = PBXFileReference; lastKnownFileType = sourcecode.c.h; path = ViewController.h; sourceTree = "<group>"; };
		98DE20AF1E28B2E30014EDDC /* ViewController.m */ = {isa = PBXFileReference; lastKnownFileType = sourcecode.c.objc; path = ViewController.m; sourceTree = "<group>"; };
		98DE20B21E28B2E30014EDDC /* Base */ = {isa = PBXFileReference; lastKnownFileType = file.storyboard; name = Base; path = Base.lproj/Main.storyboard; sourceTree = "<group>"; };
		98DE20B41E28B2E30014EDDC /* Assets.xcassets */ = {isa = PBXFileReference; lastKnownFileType = folder.assetcatalog; path = Assets.xcassets; sourceTree = "<group>"; };
		98DE20B71E28B2E30014EDDC /* Base */ = {isa = PBXFileReference; lastKnownFileType = file.storyboard; name = Base; path = Base.lproj/LaunchScreen.storyboard; sourceTree = "<group>"; };
		98DE20B91E28B2E30014EDDC /* Info.plist */ = {isa = PBXFileReference; lastKnownFileType = text.plist.xml; path = Info.plist; sourceTree = "<group>"; };
		98DE20BF1E28B2F60014EDDC /* User.h */ = {isa = PBXFileReference; fileEncoding = 4; lastKnownFileType = sourcecode.c.h; path = User.h; sourceTree = "<group>"; };
		98DE20C01E28B2F60014EDDC /* User.m */ = {isa = PBXFileReference; fileEncoding = 4; lastKnownFileType = sourcecode.c.objc; path = User.m; sourceTree = "<group>"; };
		98DE20C21E28C1C30014EDDC /* user.plist */ = {isa = PBXFileReference; fileEncoding = 4; lastKnownFileType = text.plist.xml; path = user.plist; sourceTree = "<group>"; };
/* End PBXFileReference section */

/* Begin PBXFrameworksBuildPhase section */
		98DE20A21E28B2E30014EDDC /* Frameworks */ = {
			isa = PBXFrameworksBuildPhase;
			buildActionMask = 2147483647;
			files = (
			);
			runOnlyForDeploymentPostprocessing = 0;
		};
/* End PBXFrameworksBuildPhase section */

/* Begin PBXGroup section */
		98DE209C1E28B2E30014EDDC = {
			isa = PBXGroup;
			children = (
				98DE20A71E28B2E30014EDDC /* 姓名排序 */,
				98DE20A61E28B2E30014EDDC /* Products */,
			);
			sourceTree = "<group>";
		};
		98DE20A61E28B2E30014EDDC /* Products */ = {
			isa = PBXGroup;
			children = (
				98DE20A51E28B2E30014EDDC /* 姓名排序.app */,
			);
			name = Products;
			sourceTree = "<group>";
		};
		98DE20A71E28B2E30014EDDC /* 姓名排序 */ = {
			isa = PBXGroup;
			children = (
				98DE20AB1E28B2E30014EDDC /* AppDelegate.h */,
				98DE20AC1E28B2E30014EDDC /* AppDelegate.m */,
				98DE20AE1E28B2E30014EDDC /* ViewController.h */,
				98DE20AF1E28B2E30014EDDC /* ViewController.m */,
				98DE20BF1E28B2F60014EDDC /* User.h */,
				98DE20C01E28B2F60014EDDC /* User.m */,
				98DE20C21E28C1C30014EDDC /* user.plist */,
				98DE20B11E28B2E30014EDDC /* Main.storyboard */,
				98DE20B41E28B2E30014EDDC /* Assets.xcassets */,
				98DE20B61E28B2E30014EDDC /* LaunchScreen.storyboard */,
				98DE20B91E28B2E30014EDDC /* Info.plist */,
				98DE20A81E28B2E30014EDDC /* Supporting Files */,
			);
			path = "姓名排序";
			sourceTree = "<group>";
		};
		98DE20A81E28B2E30014EDDC /* Supporting Files */ = {
			isa = PBXGroup;
			children = (
				98DE20A91E28B2E30014EDDC /* main.m */,
			);
			name = "Supporting Files";
			sourceTree = "<group>";
		};
/* End PBXGroup section */

/* Begin PBXNativeTarget section */
		98DE20A41E28B2E30014EDDC /* 姓名排序 */ = {
			isa = PBXNativeTarget;
			buildConfigurationList = 98DE20BC1E28B2E30014EDDC /* Build configuration list for PBXNativeTarget "姓名排序" */;
			buildPhases = (
				98DE20A11E28B2E30014EDDC /* Sources */,
				98DE20A21E28B2E30014EDDC /* Frameworks */,
				98DE20A31E28B2E30014EDDC /* Resources */,
			);
			buildRules = (
			);
			dependencies = (
			);
			name = "姓名排序";
			productName = "姓名排序";
			productReference = 98DE20A51E28B2E30014EDDC /* 姓名排序.app */;
			productType = "com.apple.product-type.application";
		};
/* End PBXNativeTarget section */

/* Begin PBXProject section */
		98DE209D1E28B2E30014EDDC /* Project object */ = {
			isa = PBXProject;
			attributes = {
				LastUpgradeCheck = 0720;
				ORGANIZATIONNAME = "龚";
				TargetAttributes = {
					98DE20A41E28B2E30014EDDC = {
						CreatedOnToolsVersion = 7.2.1;
					};
				};
			};
			buildConfigurationList = 98DE20A01E28B2E30014EDDC /* Build configuration list for PBXProject "姓名排序" */;
			compatibilityVersion = "Xcode 3.2";
			developmentRegion = English;
			hasScannedForEncodings = 0;
			knownRegions = (
				en,
				Base,
			);
			mainGroup = 98DE209C1E28B2E30014EDDC;
			productRefGroup = 98DE20A61E28B2E30014EDDC /* Products */;
			projectDirPath = "";
			projectRoot = "";
			targets = (
				98DE20A41E28B2E30014EDDC /* 姓名排序 */,
			);
		};
/* End PBXProject section */

/* Begin PBXResourcesBuildPhase section */
		98DE20A31E28B2E30014EDDC /* Resources */ = {
			isa = PBXResourcesBuildPhase;
			buildActionMask = 2147483647;
			files = (
				98DE20B81E28B2E30014EDDC /* LaunchScreen.storyboard in Resources */,
				98DE20B51E28B2E30014EDDC /* Assets.xcassets in Resources */,
				98DE20B31E28B2E30014EDDC /* Main.storyboard in Resources */,
				98DE20C31E28C1C30014EDDC /* user.plist in Resources */,
			);
			runOnlyForDeploymentPostprocessing = 0;
		};
/* End PBXResourcesBuildPhase section */

/* Begin PBXSourcesBuildPhase section */
		98DE20A11E28B2E30014EDDC /* Sources */ = {
			isa = PBXSourcesBuildPhase;
			buildActionMask = 2147483647;
			files = (
				98DE20C11E28B2F60014EDDC /* User.m in Sources */,
				98DE20B01E28B2E30014EDDC /* ViewController.m in Sources */,
				98DE20AD1E28B2E30014EDDC /* AppDelegate.m in Sources */,
				98DE20AA1E28B2E30014EDDC /* main.m in Sources */,
			);
			runOnlyForDeploymentPostprocessing = 0;
		};
/* End PBXSourcesBuildPhase section */

/* Begin PBXVariantGroup section */
		98DE20B11E28B2E30014EDDC /* Main.storyboard */ = {
			isa = PBXVariantGroup;
			children = (
				98DE20B21E28B2E30014EDDC /* Base */,
			);
			name = Main.storyboard;
			sourceTree = "<group>";
		};
		98DE20B61E28B2E30014EDDC /* LaunchScreen.storyboard */ = {
			isa = PBXVariantGroup;
			children = (
				98DE20B71E28B2E30014EDDC /* Base */,
			);
			name = LaunchScreen.storyboard;
			sourceTree = "<group>";
		};
/* End PBXVariantGroup section */

/* Begin XCBuildConfiguration section */
		98DE20BA1E28B2E30014EDDC /* Debug */ = {
			isa = XCBuildConfiguration;
			buildSettings = {
				ALWAYS_SEARCH_USER_PATHS = NO;
				CLANG_CXX_LANGUAGE_STANDARD = "gnu++0x";
				CLANG_CXX_LIBRARY = "libc++";
				CLANG_ENABLE_MODULES = YES;
				CLANG_ENABLE_OBJC_ARC = YES;
				CLANG_WARN_BOOL_CONVERSION = YES;
				CLANG_WARN_CONSTANT_CONVERSION = YES;
				CLANG_WARN_DIRECT_OBJC_ISA_USAGE = YES_ERROR;
				CLANG_WARN_EMPTY_BODY = YES;
				CLANG_WARN_ENUM_CONVERSION = YES;
				CLANG_WARN_INT_CONVERSION = YES;
				CLANG_WARN_OBJC_ROOT_CLASS = YES_ERROR;
				CLANG_WARN_UNREACHABLE_CODE = YES;
				CLANG_WARN__DUPLICATE_METHOD_MATCH = YES;
				"CODE_SIGN_IDENTITY[sdk=iphoneos*]" = "iPhone Developer";
				COPY_PHASE_STRIP = NO;
				DEBUG_INFORMATION_FORMAT = dwarf;
				ENABLE_STRICT_OBJC_MSGSEND = YES;
				ENABLE_TESTABILITY = YES;
				GCC_C_LANGUAGE_STANDARD = gnu99;
				GCC_DYNAMIC_NO_PIC = NO;
				GCC_NO_COMMON_BLOCKS = YES;
				GCC_OPTIMIZATION_LEVEL = 0;
				GCC_PREPROCESSOR_DEFINITIONS = (
					"DEBUG=1",
					"$(inherited)",
				);
				GCC_WARN_64_TO_32_BIT_CONVERSION = YES;
				GCC_WARN_ABOUT_RETURN_TYPE = YES_ERROR;
				GCC_WARN_UNDECLARED_SELECTOR = YES;
				GCC_WARN_UNINITIALIZED_AUTOS = YES_AGGRESSIVE;
				GCC_WARN_UNUSED_FUNCTION = YES;
				GCC_WARN_UNUSED_VARIABLE = YES;
				IPHONEOS_DEPLOYMENT_TARGET = 9.2;
				MTL_ENABLE_DEBUG_INFO = YES;
				ONLY_ACTIVE_ARCH = YES;
				SDKROOT = iphoneos;
			};
			name = Debug;
		};
		98DE20BB1E28B2E30014EDDC /* Release */ = {
			isa = XCBuildConfiguration;
			buildSettings = {
				ALWAYS_SEARCH_USER_PATHS = NO;
				CLANG_CXX_LANGUAGE_STANDARD = "gnu++0x";
				CLANG_CXX_LIBRARY = "libc++";
				CLANG_ENABLE_MODULES = YES;
				CLANG_ENABLE_OBJC_ARC = YES;
				CLANG_WARN_BOOL_CONVERSION = YES;
				CLANG_WARN_CONSTANT_CONVERSION = YES;
				CLANG_WARN_DIRECT_OBJC_ISA_USAGE = YES_ERROR;
				CLANG_WARN_EMPTY_BODY = YES;
				CLANG_WARN_ENUM_CONVERSION = YES;
				CLANG_WARN_INT_CONVERSION = YES;
				CLANG_WARN_OBJC_ROOT_CLASS = YES_ERROR;
				CLANG_WARN_UNREACHABLE_CODE = YES;
				CLANG_WARN__DUPLICATE_METHOD_MATCH = YES;
				"CODE_SIGN_IDENTITY[sdk=iphoneos*]" = "iPhone Developer";
				COPY_PHASE_STRIP = NO;
				DEBUG_INFORMATION_FORMAT = "dwarf-with-dsym";
				ENABLE_NS_ASSERTIONS = NO;
				ENABLE_STRICT_OBJC_MSGSEND = YES;
				GCC_C_LANGUAGE_STANDARD = gnu99;
				GCC_NO_COMMON_BLOCKS = YES;
				GCC_WARN_64_TO_32_BIT_CONVERSION = YES;
				GCC_WARN_ABOUT_RETURN_TYPE = YES_ERROR;
				GCC_WARN_UNDECLARED_SELECTOR = YES;
				GCC_WARN_UNINITIALIZED_AUTOS = YES_AGGRESSIVE;
				GCC_WARN_UNUSED_FUNCTION = YES;
				GCC_WARN_UNUSED_VARIABLE = YES;
				IPHONEOS_DEPLOYMENT_TARGET = 9.2;
				MTL_ENABLE_DEBUG_INFO = NO;
				SDKROOT = iphoneos;
				VALIDATE_PRODUCT = YES;
			};
			name = Release;
		};
		98DE20BD1E28B2E30014EDDC /* Debug */ = {
			isa = XCBuildConfiguration;
			buildSettings = {
				ASSETCATALOG_COMPILER_APPICON_NAME = AppIcon;
				INFOPLIST_FILE = "姓名排序/Info.plist";
				LD_RUNPATH_SEARCH_PATHS = "$(inherited) @executable_path/Frameworks";
				PRODUCT_BUNDLE_IDENTIFIER = "com.jjadobe.----";
				PRODUCT_NAME = "$(TARGET_NAME)";
			};
			name = Debug;
		};
		98DE20BE1E28B2E30014EDDC /* Release */ = {
			isa = XCBuildConfiguration;
			buildSettings = {
				ASSETCATALOG_COMPILER_APPICON_NAME = AppIcon;
				INFOPLIST_FILE = "姓名排序/Info.plist";
				LD_RUNPATH_SEARCH_PATHS = "$(inherited) @executable_path/Frameworks";
				PRODUCT_BUNDLE_IDENTIFIER = "com.jjadobe.----";
				PRODUCT_NAME = "$(TARGET_NAME)";
			};
			name = Release;
		};
/* End XCBuildConfiguration section */

/* Begin XCConfigurationList section */
		98DE20A01E28B2E30014EDDC /* Build configuration list for PBXProject "姓名排序" */ = {
			isa = XCConfigurationList;
			buildConfigurations = (
				98DE20BA1E28B2E30014EDDC /* Debug */,
				98DE20BB1E28B2E30014EDDC /* Release */,
			);
			defaultConfigurationIsVisible = 0;
			defaultConfigurationName = Release;
		};
		98DE20BC1E28B2E30014EDDC /* Build configuration list for PBXNativeTarget "姓名排序" */ = {
			isa = XCConfigurationList;
			buildConfigurations = (
				98DE20BD1E28B2E30014EDDC /* Debug */,
				98DE20BE1E28B2E30014EDDC /* Release */,
			);
			defaultConfigurationIsVisible = 0;
		};
/* End XCConfigurationList section */
	};
	rootObject = 98DE209D1E28B2E30014EDDC /* Project object */;
}
