// !$*UTF8*$!
{
	archiveVersion = 1;
	classes = {
	};
	objectVersion = 46;
	objects = {

/* Begin PBXBuildFile section */
		989866761ECD3F17000E4B11 /* AppDelegate.swift in Sources */ = {isa = PBXBuildFile; fileRef = 989866751ECD3F17000E4B11 /* AppDelegate.swift */; };
		989866781ECD3F17000E4B11 /* ViewController.swift in Sources */ = {isa = PBXBuildFile; fileRef = 989866771ECD3F17000E4B11 /* ViewController.swift */; };
		9898667B1ECD3F17000E4B11 /* Main.storyboard in Resources */ = {isa = PBXBuildFile; fileRef = 989866791ECD3F17000E4B11 /* Main.storyboard */; };
		9898667D1ECD3F17000E4B11 /* Assets.xcassets in Resources */ = {isa = PBXBuildFile; fileRef = 9898667C1ECD3F17000E4B11 /* Assets.xcassets */; };
		989866801ECD3F17000E4B11 /* LaunchScreen.storyboard in Resources */ = {isa = PBXBuildFile; fileRef = 9898667E1ECD3F17000E4B11 /* LaunchScreen.storyboard */; };
		989866881ECD3F2A000E4B11 /* PageView.swift in Sources */ = {isa = PBXBuildFile; fileRef = 989866871ECD3F2A000E4B11 /* PageView.swift */; };
		9898668A1ECD3F36000E4B11 /* TitleView.swift in Sources */ = {isa = PBXBuildFile; fileRef = 989866891ECD3F36000E4B11 /* TitleView.swift */; };
		9898668C1ECD3F47000E4B11 /* ContentView.swift in Sources */ = {isa = PBXBuildFile; fileRef = 9898668B1ECD3F47000E4B11 /* ContentView.swift */; };
		9898668E1ECD4775000E4B11 /* UIColor-Extension.swift in Sources */ = {isa = PBXBuildFile; fileRef = 9898668D1ECD4775000E4B11 /* UIColor-Extension.swift */; };
		989866901ECD49AF000E4B11 /* PageStyle.swift in Sources */ = {isa = PBXBuildFile; fileRef = 9898668F1ECD49AF000E4B11 /* PageStyle.swift */; };
		989866921ECD9DC3000E4B11 /* NavigationController.swift in Sources */ = {isa = PBXBuildFile; fileRef = 989866911ECD9DC3000E4B11 /* NavigationController.swift */; };
/* End PBXBuildFile section */

/* Begin PBXFileReference section */
		989866721ECD3F17000E4B11 /* PageView.app */ = {isa = PBXFileReference; explicitFileType = wrapper.application; includeInIndex = 0; path = PageView.app; sourceTree = BUILT_PRODUCTS_DIR; };
		989866751ECD3F17000E4B11 /* AppDelegate.swift */ = {isa = PBXFileReference; lastKnownFileType = sourcecode.swift; path = AppDelegate.swift; sourceTree = "<group>"; };
		989866771ECD3F17000E4B11 /* ViewController.swift */ = {isa = PBXFileReference; lastKnownFileType = sourcecode.swift; path = ViewController.swift; sourceTree = "<group>"; };
		9898667A1ECD3F17000E4B11 /* Base */ = {isa = PBXFileReference; lastKnownFileType = file.storyboard; name = Base; path = Base.lproj/Main.storyboard; sourceTree = "<group>"; };
		9898667C1ECD3F17000E4B11 /* Assets.xcassets */ = {isa = PBXFileReference; lastKnownFileType = folder.assetcatalog; path = Assets.xcassets; sourceTree = "<group>"; };
		9898667F1ECD3F17000E4B11 /* Base */ = {isa = PBXFileReference; lastKnownFileType = file.storyboard; name = Base; path = Base.lproj/LaunchScreen.storyboard; sourceTree = "<group>"; };
		989866811ECD3F17000E4B11 /* Info.plist */ = {isa = PBXFileReference; lastKnownFileType = text.plist.xml; path = Info.plist; sourceTree = "<group>"; };
		989866871ECD3F2A000E4B11 /* PageView.swift */ = {isa = PBXFileReference; fileEncoding = 4; lastKnownFileType = sourcecode.swift; path = PageView.swift; sourceTree = "<group>"; };
		989866891ECD3F36000E4B11 /* TitleView.swift */ = {isa = PBXFileReference; fileEncoding = 4; lastKnownFileType = sourcecode.swift; path = TitleView.swift; sourceTree = "<group>"; };
		9898668B1ECD3F47000E4B11 /* ContentView.swift */ = {isa = PBXFileReference; fileEncoding = 4; lastKnownFileType = sourcecode.swift; path = ContentView.swift; sourceTree = "<group>"; };
		9898668D1ECD4775000E4B11 /* UIColor-Extension.swift */ = {isa = PBXFileReference; fileEncoding = 4; lastKnownFileType = sourcecode.swift; path = "UIColor-Extension.swift"; sourceTree = "<group>"; };
		9898668F1ECD49AF000E4B11 /* PageStyle.swift */ = {isa = PBXFileReference; fileEncoding = 4; lastKnownFileType = sourcecode.swift; path = PageStyle.swift; sourceTree = "<group>"; };
		989866911ECD9DC3000E4B11 /* NavigationController.swift */ = {isa = PBXFileReference; fileEncoding = 4; lastKnownFileType = sourcecode.swift; path = NavigationController.swift; sourceTree = "<group>"; };
/* End PBXFileReference section */

/* Begin PBXFrameworksBuildPhase section */
		9898666F1ECD3F17000E4B11 /* Frameworks */ = {
			isa = PBXFrameworksBuildPhase;
			buildActionMask = 2147483647;
			files = (
			);
			runOnlyForDeploymentPostprocessing = 0;
		};
/* End PBXFrameworksBuildPhase section */

/* Begin PBXGroup section */
		989866691ECD3F17000E4B11 = {
			isa = PBXGroup;
			children = (
				989866741ECD3F17000E4B11 /* PageView */,
				989866731ECD3F17000E4B11 /* Products */,
			);
			sourceTree = "<group>";
		};
		989866731ECD3F17000E4B11 /* Products */ = {
			isa = PBXGroup;
			children = (
				989866721ECD3F17000E4B11 /* PageView.app */,
			);
			name = Products;
			sourceTree = "<group>";
		};
		989866741ECD3F17000E4B11 /* PageView */ = {
			isa = PBXGroup;
			children = (
				989866951ECF00BE000E4B11 /* Main */,
				989866931ECF009F000E4B11 /* PageView */,
				989866791ECD3F17000E4B11 /* Main.storyboard */,
				9898667C1ECD3F17000E4B11 /* Assets.xcassets */,
				9898667E1ECD3F17000E4B11 /* LaunchScreen.storyboard */,
				989866811ECD3F17000E4B11 /* Info.plist */,
			);
			path = PageView;
			sourceTree = "<group>";
		};
		989866931ECF009F000E4B11 /* PageView */ = {
			isa = PBXGroup;
			children = (
				9898668D1ECD4775000E4B11 /* UIColor-Extension.swift */,
				9898668F1ECD49AF000E4B11 /* PageStyle.swift */,
				989866871ECD3F2A000E4B11 /* PageView.swift */,
				989866891ECD3F36000E4B11 /* TitleView.swift */,
				9898668B1ECD3F47000E4B11 /* ContentView.swift */,
			);
			name = PageView;
			sourceTree = "<group>";
		};
		989866951ECF00BE000E4B11 /* Main */ = {
			isa = PBXGroup;
			children = (
				989866751ECD3F17000E4B11 /* AppDelegate.swift */,
				989866771ECD3F17000E4B11 /* ViewController.swift */,
				989866911ECD9DC3000E4B11 /* NavigationController.swift */,
			);
			name = Main;
			sourceTree = "<group>";
		};
/* End PBXGroup section */

/* Begin PBXNativeTarget section */
		989866711ECD3F17000E4B11 /* PageView */ = {
			isa = PBXNativeTarget;
			buildConfigurationList = 989866841ECD3F17000E4B11 /* Build configuration list for PBXNativeTarget "PageView" */;
			buildPhases = (
				9898666E1ECD3F17000E4B11 /* Sources */,
				9898666F1ECD3F17000E4B11 /* Frameworks */,
				989866701ECD3F17000E4B11 /* Resources */,
			);
			buildRules = (
			);
			dependencies = (
			);
			name = PageView;
			productName = PageView;
			productReference = 989866721ECD3F17000E4B11 /* PageView.app */;
			productType = "com.apple.product-type.application";
		};
/* End PBXNativeTarget section */

/* Begin PBXProject section */
		9898666A1ECD3F17000E4B11 /* Project object */ = {
			isa = PBXProject;
			attributes = {
				LastSwiftUpdateCheck = 0820;
				LastUpgradeCheck = 0820;
				ORGANIZATIONNAME = "龚";
				TargetAttributes = {
					989866711ECD3F17000E4B11 = {
						CreatedOnToolsVersion = 8.2.1;
						ProvisioningStyle = Automatic;
					};
				};
			};
			buildConfigurationList = 9898666D1ECD3F17000E4B11 /* Build configuration list for PBXProject "PageView" */;
			compatibilityVersion = "Xcode 3.2";
			developmentRegion = English;
			hasScannedForEncodings = 0;
			knownRegions = (
				en,
				Base,
			);
			mainGroup = 989866691ECD3F17000E4B11;
			productRefGroup = 989866731ECD3F17000E4B11 /* Products */;
			projectDirPath = "";
			projectRoot = "";
			targets = (
				989866711ECD3F17000E4B11 /* PageView */,
			);
		};
/* End PBXProject section */

/* Begin PBXResourcesBuildPhase section */
		989866701ECD3F17000E4B11 /* Resources */ = {
			isa = PBXResourcesBuildPhase;
			buildActionMask = 2147483647;
			files = (
				989866801ECD3F17000E4B11 /* LaunchScreen.storyboard in Resources */,
				9898667D1ECD3F17000E4B11 /* Assets.xcassets in Resources */,
				9898667B1ECD3F17000E4B11 /* Main.storyboard in Resources */,
			);
			runOnlyForDeploymentPostprocessing = 0;
		};
/* End PBXResourcesBuildPhase section */

/* Begin PBXSourcesBuildPhase section */
		9898666E1ECD3F17000E4B11 /* Sources */ = {
			isa = PBXSourcesBuildPhase;
			buildActionMask = 2147483647;
			files = (
				989866781ECD3F17000E4B11 /* ViewController.swift in Sources */,
				989866921ECD9DC3000E4B11 /* NavigationController.swift in Sources */,
				989866901ECD49AF000E4B11 /* PageStyle.swift in Sources */,
				9898668E1ECD4775000E4B11 /* UIColor-Extension.swift in Sources */,
				9898668C1ECD3F47000E4B11 /* ContentView.swift in Sources */,
				989866881ECD3F2A000E4B11 /* PageView.swift in Sources */,
				989866761ECD3F17000E4B11 /* AppDelegate.swift in Sources */,
				9898668A1ECD3F36000E4B11 /* TitleView.swift in Sources */,
			);
			runOnlyForDeploymentPostprocessing = 0;
		};
/* End PBXSourcesBuildPhase section */

/* Begin PBXVariantGroup section */
		989866791ECD3F17000E4B11 /* Main.storyboard */ = {
			isa = PBXVariantGroup;
			children = (
				9898667A1ECD3F17000E4B11 /* Base */,
			);
			name = Main.storyboard;
			sourceTree = "<group>";
		};
		9898667E1ECD3F17000E4B11 /* LaunchScreen.storyboard */ = {
			isa = PBXVariantGroup;
			children = (
				9898667F1ECD3F17000E4B11 /* Base */,
			);
			name = LaunchScreen.storyboard;
			sourceTree = "<group>";
		};
/* End PBXVariantGroup section */

/* Begin XCBuildConfiguration section */
		989866821ECD3F17000E4B11 /* Debug */ = {
			isa = XCBuildConfiguration;
			buildSettings = {
				ALWAYS_SEARCH_USER_PATHS = NO;
				CLANG_ANALYZER_NONNULL = YES;
				CLANG_CXX_LANGUAGE_STANDARD = "gnu++0x";
				CLANG_CXX_LIBRARY = "libc++";
				CLANG_ENABLE_MODULES = YES;
				CLANG_ENABLE_OBJC_ARC = YES;
				CLANG_WARN_BOOL_CONVERSION = YES;
				CLANG_WARN_CONSTANT_CONVERSION = YES;
				CLANG_WARN_DIRECT_OBJC_ISA_USAGE = YES_ERROR;
				CLANG_WARN_DOCUMENTATION_COMMENTS = YES;
				CLANG_WARN_EMPTY_BODY = YES;
				CLANG_WARN_ENUM_CONVERSION = YES;
				CLANG_WARN_INFINITE_RECURSION = YES;
				CLANG_WARN_INT_CONVERSION = YES;
				CLANG_WARN_OBJC_ROOT_CLASS = YES_ERROR;
				CLANG_WARN_SUSPICIOUS_MOVE = YES;
				CLANG_WARN_UNREACHABLE_CODE = YES;
				CLANG_WARN__DUPLICATE_METHOD_MATCH = YES;
				"CODE_SIGN_IDENTITY[sdk=iphoneos*]" = "iPhone Developer";
				COPY_PHASE_STRIP = NO;
				DEBUG_INFORMATION_FORMAT = dwarf;
				ENABLE_STRICT_OBJC_MSGSEND = YES;
				ENABLE_TESTABILITY = YES;
				GCC_C_LANGUAGE_STANDARD = gnu99;
				GCC_DYNAMIC_NO_PIC = NO;
				GCC_NO_COMMON_BLOCKS = YES;
				GCC_OPTIMIZATION_LEVEL = 0;
				GCC_PREPROCESSOR_DEFINITIONS = (
					"DEBUG=1",
					"$(inherited)",
				);
				GCC_WARN_64_TO_32_BIT_CONVERSION = YES;
				GCC_WARN_ABOUT_RETURN_TYPE = YES_ERROR;
				GCC_WARN_UNDECLARED_SELECTOR = YES;
				GCC_WARN_UNINITIALIZED_AUTOS = YES_AGGRESSIVE;
				GCC_WARN_UNUSED_FUNCTION = YES;
				GCC_WARN_UNUSED_VARIABLE = YES;
				IPHONEOS_DEPLOYMENT_TARGET = 10.2;
				MTL_ENABLE_DEBUG_INFO = YES;
				ONLY_ACTIVE_ARCH = YES;
				SDKROOT = iphoneos;
				SWIFT_ACTIVE_COMPILATION_CONDITIONS = DEBUG;
				SWIFT_OPTIMIZATION_LEVEL = "-Onone";
			};
			name = Debug;
		};
		989866831ECD3F17000E4B11 /* Release */ = {
			isa = XCBuildConfiguration;
			buildSettings = {
				ALWAYS_SEARCH_USER_PATHS = NO;
				CLANG_ANALYZER_NONNULL = YES;
				CLANG_CXX_LANGUAGE_STANDARD = "gnu++0x";
				CLANG_CXX_LIBRARY = "libc++";
				CLANG_ENABLE_MODULES = YES;
				CLANG_ENABLE_OBJC_ARC = YES;
				CLANG_WARN_BOOL_CONVERSION = YES;
				CLANG_WARN_CONSTANT_CONVERSION = YES;
				CLANG_WARN_DIRECT_OBJC_ISA_USAGE = YES_ERROR;
				CLANG_WARN_DOCUMENTATION_COMMENTS = YES;
				CLANG_WARN_EMPTY_BODY = YES;
				CLANG_WARN_ENUM_CONVERSION = YES;
				CLANG_WARN_INFINITE_RECURSION = YES;
				CLANG_WARN_INT_CONVERSION = YES;
				CLANG_WARN_OBJC_ROOT_CLASS = YES_ERROR;
				CLANG_WARN_SUSPICIOUS_MOVE = YES;
				CLANG_WARN_UNREACHABLE_CODE = YES;
				CLANG_WARN__DUPLICATE_METHOD_MATCH = YES;
				"CODE_SIGN_IDENTITY[sdk=iphoneos*]" = "iPhone Developer";
				COPY_PHASE_STRIP = NO;
				DEBUG_INFORMATION_FORMAT = "dwarf-with-dsym";
				ENABLE_NS_ASSERTIONS = NO;
				ENABLE_STRICT_OBJC_MSGSEND = YES;
				GCC_C_LANGUAGE_STANDARD = gnu99;
				GCC_NO_COMMON_BLOCKS = YES;
				GCC_WARN_64_TO_32_BIT_CONVERSION = YES;
				GCC_WARN_ABOUT_RETURN_TYPE = YES_ERROR;
				GCC_WARN_UNDECLARED_SELECTOR = YES;
				GCC_WARN_UNINITIALIZED_AUTOS = YES_AGGRESSIVE;
				GCC_WARN_UNUSED_FUNCTION = YES;
				GCC_WARN_UNUSED_VARIABLE = YES;
				IPHONEOS_DEPLOYMENT_TARGET = 10.2;
				MTL_ENABLE_DEBUG_INFO = NO;
				SDKROOT = iphoneos;
				SWIFT_OPTIMIZATION_LEVEL = "-Owholemodule";
				VALIDATE_PRODUCT = YES;
			};
			name = Release;
		};
		989866851ECD3F17000E4B11 /* Debug */ = {
			isa = XCBuildConfiguration;
			buildSettings = {
				ASSETCATALOG_COMPILER_APPICON_NAME = AppIcon;
				INFOPLIST_FILE = PageView/Info.plist;
				LD_RUNPATH_SEARCH_PATHS = "$(inherited) @executable_path/Frameworks";
				PRODUCT_BUNDLE_IDENTIFIER = com.jjadobe.PageView;
				PRODUCT_NAME = "$(TARGET_NAME)";
				SWIFT_VERSION = 3.0;
			};
			name = Debug;
		};
		989866861ECD3F17000E4B11 /* Release */ = {
			isa = XCBuildConfiguration;
			buildSettings = {
				ASSETCATALOG_COMPILER_APPICON_NAME = AppIcon;
				INFOPLIST_FILE = PageView/Info.plist;
				LD_RUNPATH_SEARCH_PATHS = "$(inherited) @executable_path/Frameworks";
				PRODUCT_BUNDLE_IDENTIFIER = com.jjadobe.PageView;
				PRODUCT_NAME = "$(TARGET_NAME)";
				SWIFT_VERSION = 3.0;
			};
			name = Release;
		};
/* End XCBuildConfiguration section */

/* Begin XCConfigurationList section */
		9898666D1ECD3F17000E4B11 /* Build configuration list for PBXProject "PageView" */ = {
			isa = XCConfigurationList;
			buildConfigurations = (
				989866821ECD3F17000E4B11 /* Debug */,
				989866831ECD3F17000E4B11 /* Release */,
			);
			defaultConfigurationIsVisible = 0;
			defaultConfigurationName = Release;
		};
		989866841ECD3F17000E4B11 /* Build configuration list for PBXNativeTarget "PageView" */ = {
			isa = XCConfigurationList;
			buildConfigurations = (
				989866851ECD3F17000E4B11 /* Debug */,
				989866861ECD3F17000E4B11 /* Release */,
			);
			defaultConfigurationIsVisible = 0;
			defaultConfigurationName = Release;
		};
/* End XCConfigurationList section */
	};
	rootObject = 9898666A1ECD3F17000E4B11 /* Project object */;
}
