// !$*UTF8*$!
{
	archiveVersion = 1;
	classes = {
	};
	objectVersion = 46;
	objects = {

/* Begin PBXBuildFile section */
		980C80EB1EB9BAE20099C7F4 /* CALayerTableController.m in Sources */ = {isa = PBXBuildFile; fileRef = 980C80EA1EB9BAE20099C7F4 /* CALayerTableController.m */; };
		980C80EF1EB9BB080099C7F4 /* ProgressView.m in Sources */ = {isa = PBXBuildFile; fileRef = 980C80EE1EB9BB080099C7F4 /* ProgressView.m */; };
		980C80F21EB9BC870099C7F4 /* CALayerDowndController.m in Sources */ = {isa = PBXBuildFile; fileRef = 980C80F11EB9BC870099C7F4 /* CALayerDowndController.m */; };
		980C80F91EB9CC090099C7F4 /* CALayerImageController.m in Sources */ = {isa = PBXBuildFile; fileRef = 980C80F81EB9CC090099C7F4 /* CALayerImageController.m */; };
		980C80FC1EB9E8050099C7F4 /* CALayerMaskController.m in Sources */ = {isa = PBXBuildFile; fileRef = 980C80FB1EB9E8050099C7F4 /* CALayerMaskController.m */; };
		9868723E1EAF3B1B0076D29F /* main.m in Sources */ = {isa = PBXBuildFile; fileRef = 9868723D1EAF3B1B0076D29F /* main.m */; };
		986872411EAF3B1B0076D29F /* AppDelegate.m in Sources */ = {isa = PBXBuildFile; fileRef = 986872401EAF3B1B0076D29F /* AppDelegate.m */; };
		986872441EAF3B1B0076D29F /* ViewController.m in Sources */ = {isa = PBXBuildFile; fileRef = 986872431EAF3B1B0076D29F /* ViewController.m */; };
		986872471EAF3B1B0076D29F /* Main.storyboard in Resources */ = {isa = PBXBuildFile; fileRef = 986872451EAF3B1B0076D29F /* Main.storyboard */; };
		986872491EAF3B1B0076D29F /* Assets.xcassets in Resources */ = {isa = PBXBuildFile; fileRef = 986872481EAF3B1B0076D29F /* Assets.xcassets */; };
		9868724C1EAF3B1B0076D29F /* LaunchScreen.storyboard in Resources */ = {isa = PBXBuildFile; fileRef = 9868724A1EAF3B1B0076D29F /* LaunchScreen.storyboard */; };
		98FA19F11EB60BA50021617E /* CAGradientLayerController.m in Sources */ = {isa = PBXBuildFile; fileRef = 98FA19F01EB60BA50021617E /* CAGradientLayerController.m */; };
		98FA19F41EB61F110021617E /* MaskLabelController.m in Sources */ = {isa = PBXBuildFile; fileRef = 98FA19F31EB61F110021617E /* MaskLabelController.m */; };
		98FA19F71EB61F640021617E /* MaskTableController.m in Sources */ = {isa = PBXBuildFile; fileRef = 98FA19F61EB61F640021617E /* MaskTableController.m */; };
		98FA19FB1EB622EA0021617E /* FadeStringView.m in Sources */ = {isa = PBXBuildFile; fileRef = 98FA19FA1EB622EA0021617E /* FadeStringView.m */; };
		98FDA6E61EB4921C0096F8E3 /* MaskViewController.m in Sources */ = {isa = PBXBuildFile; fileRef = 98FDA6E51EB4921C0096F8E3 /* MaskViewController.m */; };
		98FDA6E91EB492B80096F8E3 /* MaskViewAnimationController.m in Sources */ = {isa = PBXBuildFile; fileRef = 98FDA6E81EB492B80096F8E3 /* MaskViewAnimationController.m */; };
/* End PBXBuildFile section */

/* Begin PBXFileReference section */
		980C80E91EB9BAE20099C7F4 /* CALayerTableController.h */ = {isa = PBXFileReference; fileEncoding = 4; lastKnownFileType = sourcecode.c.h; path = CALayerTableController.h; sourceTree = "<group>"; };
		980C80EA1EB9BAE20099C7F4 /* CALayerTableController.m */ = {isa = PBXFileReference; fileEncoding = 4; lastKnownFileType = sourcecode.c.objc; path = CALayerTableController.m; sourceTree = "<group>"; };
		980C80ED1EB9BB080099C7F4 /* ProgressView.h */ = {isa = PBXFileReference; fileEncoding = 4; lastKnownFileType = sourcecode.c.h; path = ProgressView.h; sourceTree = "<group>"; };
		980C80EE1EB9BB080099C7F4 /* ProgressView.m */ = {isa = PBXFileReference; fileEncoding = 4; lastKnownFileType = sourcecode.c.objc; path = ProgressView.m; sourceTree = "<group>"; };
		980C80F01EB9BC870099C7F4 /* CALayerDowndController.h */ = {isa = PBXFileReference; fileEncoding = 4; lastKnownFileType = sourcecode.c.h; path = CALayerDowndController.h; sourceTree = "<group>"; };
		980C80F11EB9BC870099C7F4 /* CALayerDowndController.m */ = {isa = PBXFileReference; fileEncoding = 4; lastKnownFileType = sourcecode.c.objc; path = CALayerDowndController.m; sourceTree = "<group>"; };
		980C80F71EB9CC090099C7F4 /* CALayerImageController.h */ = {isa = PBXFileReference; fileEncoding = 4; lastKnownFileType = sourcecode.c.h; path = CALayerImageController.h; sourceTree = "<group>"; };
		980C80F81EB9CC090099C7F4 /* CALayerImageController.m */ = {isa = PBXFileReference; fileEncoding = 4; lastKnownFileType = sourcecode.c.objc; path = CALayerImageController.m; sourceTree = "<group>"; };
		980C80FA1EB9E8050099C7F4 /* CALayerMaskController.h */ = {isa = PBXFileReference; fileEncoding = 4; lastKnownFileType = sourcecode.c.h; path = CALayerMaskController.h; sourceTree = "<group>"; };
		980C80FB1EB9E8050099C7F4 /* CALayerMaskController.m */ = {isa = PBXFileReference; fileEncoding = 4; lastKnownFileType = sourcecode.c.objc; path = CALayerMaskController.m; sourceTree = "<group>"; };
		986872391EAF3B1B0076D29F /* Transition.app */ = {isa = PBXFileReference; explicitFileType = wrapper.application; includeInIndex = 0; path = Transition.app; sourceTree = BUILT_PRODUCTS_DIR; };
		9868723D1EAF3B1B0076D29F /* main.m */ = {isa = PBXFileReference; lastKnownFileType = sourcecode.c.objc; path = main.m; sourceTree = "<group>"; };
		9868723F1EAF3B1B0076D29F /* AppDelegate.h */ = {isa = PBXFileReference; lastKnownFileType = sourcecode.c.h; path = AppDelegate.h; sourceTree = "<group>"; };
		986872401EAF3B1B0076D29F /* AppDelegate.m */ = {isa = PBXFileReference; lastKnownFileType = sourcecode.c.objc; path = AppDelegate.m; sourceTree = "<group>"; };
		986872421EAF3B1B0076D29F /* ViewController.h */ = {isa = PBXFileReference; lastKnownFileType = sourcecode.c.h; path = ViewController.h; sourceTree = "<group>"; };
		986872431EAF3B1B0076D29F /* ViewController.m */ = {isa = PBXFileReference; lastKnownFileType = sourcecode.c.objc; path = ViewController.m; sourceTree = "<group>"; };
		986872461EAF3B1B0076D29F /* Base */ = {isa = PBXFileReference; lastKnownFileType = file.storyboard; name = Base; path = Base.lproj/Main.storyboard; sourceTree = "<group>"; };
		986872481EAF3B1B0076D29F /* Assets.xcassets */ = {isa = PBXFileReference; lastKnownFileType = folder.assetcatalog; path = Assets.xcassets; sourceTree = "<group>"; };
		9868724B1EAF3B1B0076D29F /* Base */ = {isa = PBXFileReference; lastKnownFileType = file.storyboard; name = Base; path = Base.lproj/LaunchScreen.storyboard; sourceTree = "<group>"; };
		9868724D1EAF3B1B0076D29F /* Info.plist */ = {isa = PBXFileReference; lastKnownFileType = text.plist.xml; path = Info.plist; sourceTree = "<group>"; };
		98FA19EF1EB60BA50021617E /* CAGradientLayerController.h */ = {isa = PBXFileReference; fileEncoding = 4; lastKnownFileType = sourcecode.c.h; path = CAGradientLayerController.h; sourceTree = "<group>"; };
		98FA19F01EB60BA50021617E /* CAGradientLayerController.m */ = {isa = PBXFileReference; fileEncoding = 4; lastKnownFileType = sourcecode.c.objc; path = CAGradientLayerController.m; sourceTree = "<group>"; };
		98FA19F21EB61F110021617E /* MaskLabelController.h */ = {isa = PBXFileReference; fileEncoding = 4; lastKnownFileType = sourcecode.c.h; path = MaskLabelController.h; sourceTree = "<group>"; };
		98FA19F31EB61F110021617E /* MaskLabelController.m */ = {isa = PBXFileReference; fileEncoding = 4; lastKnownFileType = sourcecode.c.objc; path = MaskLabelController.m; sourceTree = "<group>"; };
		98FA19F51EB61F640021617E /* MaskTableController.h */ = {isa = PBXFileReference; fileEncoding = 4; lastKnownFileType = sourcecode.c.h; path = MaskTableController.h; sourceTree = "<group>"; };
		98FA19F61EB61F640021617E /* MaskTableController.m */ = {isa = PBXFileReference; fileEncoding = 4; lastKnownFileType = sourcecode.c.objc; path = MaskTableController.m; sourceTree = "<group>"; };
		98FA19F91EB622EA0021617E /* FadeStringView.h */ = {isa = PBXFileReference; fileEncoding = 4; lastKnownFileType = sourcecode.c.h; path = FadeStringView.h; sourceTree = "<group>"; };
		98FA19FA1EB622EA0021617E /* FadeStringView.m */ = {isa = PBXFileReference; fileEncoding = 4; lastKnownFileType = sourcecode.c.objc; path = FadeStringView.m; sourceTree = "<group>"; };
		98FDA6E41EB4921C0096F8E3 /* MaskViewController.h */ = {isa = PBXFileReference; fileEncoding = 4; lastKnownFileType = sourcecode.c.h; path = MaskViewController.h; sourceTree = "<group>"; };
		98FDA6E51EB4921C0096F8E3 /* MaskViewController.m */ = {isa = PBXFileReference; fileEncoding = 4; lastKnownFileType = sourcecode.c.objc; path = MaskViewController.m; sourceTree = "<group>"; };
		98FDA6E71EB492B80096F8E3 /* MaskViewAnimationController.h */ = {isa = PBXFileReference; fileEncoding = 4; lastKnownFileType = sourcecode.c.h; path = MaskViewAnimationController.h; sourceTree = "<group>"; };
		98FDA6E81EB492B80096F8E3 /* MaskViewAnimationController.m */ = {isa = PBXFileReference; fileEncoding = 4; lastKnownFileType = sourcecode.c.objc; path = MaskViewAnimationController.m; sourceTree = "<group>"; };
/* End PBXFileReference section */

/* Begin PBXFrameworksBuildPhase section */
		986872361EAF3B1B0076D29F /* Frameworks */ = {
			isa = PBXFrameworksBuildPhase;
			buildActionMask = 2147483647;
			files = (
			);
			runOnlyForDeploymentPostprocessing = 0;
		};
/* End PBXFrameworksBuildPhase section */

/* Begin PBXGroup section */
		980C80EC1EB9BAE90099C7F4 /* CALayer */ = {
			isa = PBXGroup;
			children = (
				980C80E91EB9BAE20099C7F4 /* CALayerTableController.h */,
				980C80EA1EB9BAE20099C7F4 /* CALayerTableController.m */,
				980C80F01EB9BC870099C7F4 /* CALayerDowndController.h */,
				980C80F11EB9BC870099C7F4 /* CALayerDowndController.m */,
				980C80F71EB9CC090099C7F4 /* CALayerImageController.h */,
				980C80F81EB9CC090099C7F4 /* CALayerImageController.m */,
				980C80FA1EB9E8050099C7F4 /* CALayerMaskController.h */,
				980C80FB1EB9E8050099C7F4 /* CALayerMaskController.m */,
				980C80ED1EB9BB080099C7F4 /* ProgressView.h */,
				980C80EE1EB9BB080099C7F4 /* ProgressView.m */,
			);
			name = CALayer;
			sourceTree = "<group>";
		};
		986872301EAF3B1B0076D29F = {
			isa = PBXGroup;
			children = (
				9868723B1EAF3B1B0076D29F /* Transition */,
				9868723A1EAF3B1B0076D29F /* Products */,
			);
			sourceTree = "<group>";
		};
		9868723A1EAF3B1B0076D29F /* Products */ = {
			isa = PBXGroup;
			children = (
				986872391EAF3B1B0076D29F /* Transition.app */,
			);
			name = Products;
			sourceTree = "<group>";
		};
		9868723B1EAF3B1B0076D29F /* Transition */ = {
			isa = PBXGroup;
			children = (
				980C80EC1EB9BAE90099C7F4 /* CALayer */,
				98FA19F81EB620320021617E /* Mask Animation */,
				9868723F1EAF3B1B0076D29F /* AppDelegate.h */,
				986872401EAF3B1B0076D29F /* AppDelegate.m */,
				986872421EAF3B1B0076D29F /* ViewController.h */,
				986872431EAF3B1B0076D29F /* ViewController.m */,
				986872451EAF3B1B0076D29F /* Main.storyboard */,
				986872481EAF3B1B0076D29F /* Assets.xcassets */,
				9868724A1EAF3B1B0076D29F /* LaunchScreen.storyboard */,
				9868724D1EAF3B1B0076D29F /* Info.plist */,
				9868723C1EAF3B1B0076D29F /* Supporting Files */,
			);
			path = Transition;
			sourceTree = "<group>";
		};
		9868723C1EAF3B1B0076D29F /* Supporting Files */ = {
			isa = PBXGroup;
			children = (
				9868723D1EAF3B1B0076D29F /* main.m */,
			);
			name = "Supporting Files";
			sourceTree = "<group>";
		};
		98FA19F81EB620320021617E /* Mask Animation */ = {
			isa = PBXGroup;
			children = (
				98FA19F51EB61F640021617E /* MaskTableController.h */,
				98FA19F61EB61F640021617E /* MaskTableController.m */,
				98FDA6E41EB4921C0096F8E3 /* MaskViewController.h */,
				98FDA6E51EB4921C0096F8E3 /* MaskViewController.m */,
				98FDA6E71EB492B80096F8E3 /* MaskViewAnimationController.h */,
				98FDA6E81EB492B80096F8E3 /* MaskViewAnimationController.m */,
				98FA19EF1EB60BA50021617E /* CAGradientLayerController.h */,
				98FA19F01EB60BA50021617E /* CAGradientLayerController.m */,
				98FA19F21EB61F110021617E /* MaskLabelController.h */,
				98FA19F31EB61F110021617E /* MaskLabelController.m */,
				98FA19F91EB622EA0021617E /* FadeStringView.h */,
				98FA19FA1EB622EA0021617E /* FadeStringView.m */,
			);
			name = "Mask Animation";
			sourceTree = "<group>";
		};
/* End PBXGroup section */

/* Begin PBXNativeTarget section */
		986872381EAF3B1B0076D29F /* Transition */ = {
			isa = PBXNativeTarget;
			buildConfigurationList = 986872501EAF3B1B0076D29F /* Build configuration list for PBXNativeTarget "Transition" */;
			buildPhases = (
				986872351EAF3B1B0076D29F /* Sources */,
				986872361EAF3B1B0076D29F /* Frameworks */,
				986872371EAF3B1B0076D29F /* Resources */,
			);
			buildRules = (
			);
			dependencies = (
			);
			name = Transition;
			productName = Transition;
			productReference = 986872391EAF3B1B0076D29F /* Transition.app */;
			productType = "com.apple.product-type.application";
		};
/* End PBXNativeTarget section */

/* Begin PBXProject section */
		986872311EAF3B1B0076D29F /* Project object */ = {
			isa = PBXProject;
			attributes = {
				LastUpgradeCheck = 0820;
				ORGANIZATIONNAME = "龚";
				TargetAttributes = {
					986872381EAF3B1B0076D29F = {
						CreatedOnToolsVersion = 8.2.1;
						ProvisioningStyle = Automatic;
					};
				};
			};
			buildConfigurationList = 986872341EAF3B1B0076D29F /* Build configuration list for PBXProject "Transition" */;
			compatibilityVersion = "Xcode 3.2";
			developmentRegion = English;
			hasScannedForEncodings = 0;
			knownRegions = (
				en,
				Base,
			);
			mainGroup = 986872301EAF3B1B0076D29F;
			productRefGroup = 9868723A1EAF3B1B0076D29F /* Products */;
			projectDirPath = "";
			projectRoot = "";
			targets = (
				986872381EAF3B1B0076D29F /* Transition */,
			);
		};
/* End PBXProject section */

/* Begin PBXResourcesBuildPhase section */
		986872371EAF3B1B0076D29F /* Resources */ = {
			isa = PBXResourcesBuildPhase;
			buildActionMask = 2147483647;
			files = (
				9868724C1EAF3B1B0076D29F /* LaunchScreen.storyboard in Resources */,
				986872491EAF3B1B0076D29F /* Assets.xcassets in Resources */,
				986872471EAF3B1B0076D29F /* Main.storyboard in Resources */,
			);
			runOnlyForDeploymentPostprocessing = 0;
		};
/* End PBXResourcesBuildPhase section */

/* Begin PBXSourcesBuildPhase section */
		986872351EAF3B1B0076D29F /* Sources */ = {
			isa = PBXSourcesBuildPhase;
			buildActionMask = 2147483647;
			files = (
				980C80EB1EB9BAE20099C7F4 /* CALayerTableController.m in Sources */,
				98FA19F71EB61F640021617E /* MaskTableController.m in Sources */,
				98FDA6E91EB492B80096F8E3 /* MaskViewAnimationController.m in Sources */,
				980C80FC1EB9E8050099C7F4 /* CALayerMaskController.m in Sources */,
				980C80F91EB9CC090099C7F4 /* CALayerImageController.m in Sources */,
				98FDA6E61EB4921C0096F8E3 /* MaskViewController.m in Sources */,
				986872441EAF3B1B0076D29F /* ViewController.m in Sources */,
				98FA19FB1EB622EA0021617E /* FadeStringView.m in Sources */,
				986872411EAF3B1B0076D29F /* AppDelegate.m in Sources */,
				9868723E1EAF3B1B0076D29F /* main.m in Sources */,
				980C80F21EB9BC870099C7F4 /* CALayerDowndController.m in Sources */,
				98FA19F41EB61F110021617E /* MaskLabelController.m in Sources */,
				980C80EF1EB9BB080099C7F4 /* ProgressView.m in Sources */,
				98FA19F11EB60BA50021617E /* CAGradientLayerController.m in Sources */,
			);
			runOnlyForDeploymentPostprocessing = 0;
		};
/* End PBXSourcesBuildPhase section */

/* Begin PBXVariantGroup section */
		986872451EAF3B1B0076D29F /* Main.storyboard */ = {
			isa = PBXVariantGroup;
			children = (
				986872461EAF3B1B0076D29F /* Base */,
			);
			name = Main.storyboard;
			sourceTree = "<group>";
		};
		9868724A1EAF3B1B0076D29F /* LaunchScreen.storyboard */ = {
			isa = PBXVariantGroup;
			children = (
				9868724B1EAF3B1B0076D29F /* Base */,
			);
			name = LaunchScreen.storyboard;
			sourceTree = "<group>";
		};
/* End PBXVariantGroup section */

/* Begin XCBuildConfiguration section */
		9868724E1EAF3B1B0076D29F /* Debug */ = {
			isa = XCBuildConfiguration;
			buildSettings = {
				ALWAYS_SEARCH_USER_PATHS = NO;
				CLANG_ANALYZER_NONNULL = YES;
				CLANG_CXX_LANGUAGE_STANDARD = "gnu++0x";
				CLANG_CXX_LIBRARY = "libc++";
				CLANG_ENABLE_MODULES = YES;
				CLANG_ENABLE_OBJC_ARC = YES;
				CLANG_WARN_BOOL_CONVERSION = YES;
				CLANG_WARN_CONSTANT_CONVERSION = YES;
				CLANG_WARN_DIRECT_OBJC_ISA_USAGE = YES_ERROR;
				CLANG_WARN_DOCUMENTATION_COMMENTS = YES;
				CLANG_WARN_EMPTY_BODY = YES;
				CLANG_WARN_ENUM_CONVERSION = YES;
				CLANG_WARN_INFINITE_RECURSION = YES;
				CLANG_WARN_INT_CONVERSION = YES;
				CLANG_WARN_OBJC_ROOT_CLASS = YES_ERROR;
				CLANG_WARN_SUSPICIOUS_MOVE = YES;
				CLANG_WARN_UNREACHABLE_CODE = YES;
				CLANG_WARN__DUPLICATE_METHOD_MATCH = YES;
				"CODE_SIGN_IDENTITY[sdk=iphoneos*]" = "iPhone Developer";
				COPY_PHASE_STRIP = NO;
				DEBUG_INFORMATION_FORMAT = dwarf;
				ENABLE_STRICT_OBJC_MSGSEND = YES;
				ENABLE_TESTABILITY = YES;
				GCC_C_LANGUAGE_STANDARD = gnu99;
				GCC_DYNAMIC_NO_PIC = NO;
				GCC_NO_COMMON_BLOCKS = YES;
				GCC_OPTIMIZATION_LEVEL = 0;
				GCC_PREPROCESSOR_DEFINITIONS = (
					"DEBUG=1",
					"$(inherited)",
				);
				GCC_WARN_64_TO_32_BIT_CONVERSION = YES;
				GCC_WARN_ABOUT_RETURN_TYPE = YES_ERROR;
				GCC_WARN_UNDECLARED_SELECTOR = YES;
				GCC_WARN_UNINITIALIZED_AUTOS = YES_AGGRESSIVE;
				GCC_WARN_UNUSED_FUNCTION = YES;
				GCC_WARN_UNUSED_VARIABLE = YES;
				IPHONEOS_DEPLOYMENT_TARGET = 10.2;
				MTL_ENABLE_DEBUG_INFO = YES;
				ONLY_ACTIVE_ARCH = YES;
				SDKROOT = iphoneos;
			};
			name = Debug;
		};
		9868724F1EAF3B1B0076D29F /* Release */ = {
			isa = XCBuildConfiguration;
			buildSettings = {
				ALWAYS_SEARCH_USER_PATHS = NO;
				CLANG_ANALYZER_NONNULL = YES;
				CLANG_CXX_LANGUAGE_STANDARD = "gnu++0x";
				CLANG_CXX_LIBRARY = "libc++";
				CLANG_ENABLE_MODULES = YES;
				CLANG_ENABLE_OBJC_ARC = YES;
				CLANG_WARN_BOOL_CONVERSION = YES;
				CLANG_WARN_CONSTANT_CONVERSION = YES;
				CLANG_WARN_DIRECT_OBJC_ISA_USAGE = YES_ERROR;
				CLANG_WARN_DOCUMENTATION_COMMENTS = YES;
				CLANG_WARN_EMPTY_BODY = YES;
				CLANG_WARN_ENUM_CONVERSION = YES;
				CLANG_WARN_INFINITE_RECURSION = YES;
				CLANG_WARN_INT_CONVERSION = YES;
				CLANG_WARN_OBJC_ROOT_CLASS = YES_ERROR;
				CLANG_WARN_SUSPICIOUS_MOVE = YES;
				CLANG_WARN_UNREACHABLE_CODE = YES;
				CLANG_WARN__DUPLICATE_METHOD_MATCH = YES;
				"CODE_SIGN_IDENTITY[sdk=iphoneos*]" = "iPhone Developer";
				COPY_PHASE_STRIP = NO;
				DEBUG_INFORMATION_FORMAT = "dwarf-with-dsym";
				ENABLE_NS_ASSERTIONS = NO;
				ENABLE_STRICT_OBJC_MSGSEND = YES;
				GCC_C_LANGUAGE_STANDARD = gnu99;
				GCC_NO_COMMON_BLOCKS = YES;
				GCC_WARN_64_TO_32_BIT_CONVERSION = YES;
				GCC_WARN_ABOUT_RETURN_TYPE = YES_ERROR;
				GCC_WARN_UNDECLARED_SELECTOR = YES;
				GCC_WARN_UNINITIALIZED_AUTOS = YES_AGGRESSIVE;
				GCC_WARN_UNUSED_FUNCTION = YES;
				GCC_WARN_UNUSED_VARIABLE = YES;
				IPHONEOS_DEPLOYMENT_TARGET = 10.2;
				MTL_ENABLE_DEBUG_INFO = NO;
				SDKROOT = iphoneos;
				VALIDATE_PRODUCT = YES;
			};
			name = Release;
		};
		986872511EAF3B1B0076D29F /* Debug */ = {
			isa = XCBuildConfiguration;
			buildSettings = {
				ASSETCATALOG_COMPILER_APPICON_NAME = AppIcon;
				INFOPLIST_FILE = Transition/Info.plist;
				LD_RUNPATH_SEARCH_PATHS = "$(inherited) @executable_path/Frameworks";
				PRODUCT_BUNDLE_IDENTIFIER = com.jjadobe.Transition;
				PRODUCT_NAME = "$(TARGET_NAME)";
			};
			name = Debug;
		};
		986872521EAF3B1B0076D29F /* Release */ = {
			isa = XCBuildConfiguration;
			buildSettings = {
				ASSETCATALOG_COMPILER_APPICON_NAME = AppIcon;
				INFOPLIST_FILE = Transition/Info.plist;
				LD_RUNPATH_SEARCH_PATHS = "$(inherited) @executable_path/Frameworks";
				PRODUCT_BUNDLE_IDENTIFIER = com.jjadobe.Transition;
				PRODUCT_NAME = "$(TARGET_NAME)";
			};
			name = Release;
		};
/* End XCBuildConfiguration section */

/* Begin XCConfigurationList section */
		986872341EAF3B1B0076D29F /* Build configuration list for PBXProject "Transition" */ = {
			isa = XCConfigurationList;
			buildConfigurations = (
				9868724E1EAF3B1B0076D29F /* Debug */,
				9868724F1EAF3B1B0076D29F /* Release */,
			);
			defaultConfigurationIsVisible = 0;
			defaultConfigurationName = Release;
		};
		986872501EAF3B1B0076D29F /* Build configuration list for PBXNativeTarget "Transition" */ = {
			isa = XCConfigurationList;
			buildConfigurations = (
				986872511EAF3B1B0076D29F /* Debug */,
				986872521EAF3B1B0076D29F /* Release */,
			);
			defaultConfigurationIsVisible = 0;
			defaultConfigurationName = Release;
		};
/* End XCConfigurationList section */
	};
	rootObject = 986872311EAF3B1B0076D29F /* Project object */;
}
